// !$*UTF8*$!
{
	archiveVersion = 1;
	classes = {
	};
	objectVersion = 50;
	objects = {

/* Begin PBXBuildFile section */
		D3418D6925C18631004305A9 /* AppDelegate.m in Sources */ = {isa = PBXBuildFile; fileRef = D3418D6825C18631004305A9 /* AppDelegate.m */; };
		D3418D6C25C18631004305A9 /* SceneDelegate.m in Sources */ = {isa = PBXBuildFile; fileRef = D3418D6B25C18631004305A9 /* SceneDelegate.m */; };
		D3418D6F25C18631004305A9 /* ViewController.m in Sources */ = {isa = PBXBuildFile; fileRef = D3418D6E25C18631004305A9 /* ViewController.m */; };
		D3418D7525C18631004305A9 /* Tabbar.xcdatamodeld in Sources */ = {isa = PBXBuildFile; fileRef = D3418D7325C18631004305A9 /* Tabbar.xcdatamodeld */; };
		D3418D7725C18634004305A9 /* Assets.xcassets in Resources */ = {isa = PBXBuildFile; fileRef = D3418D7625C18634004305A9 /* Assets.xcassets */; };
		D3418D7A25C18634004305A9 /* LaunchScreen.storyboard in Resources */ = {isa = PBXBuildFile; fileRef = D3418D7825C18634004305A9 /* LaunchScreen.storyboard */; };
		D3418D7D25C18634004305A9 /* main.m in Sources */ = {isa = PBXBuildFile; fileRef = D3418D7C25C18634004305A9 /* main.m */; };
		D3418D8525C18ABF004305A9 /* FirstViewController.m in Sources */ = {isa = PBXBuildFile; fileRef = D3418D8425C18ABF004305A9 /* FirstViewController.m */; };
		D3418D8825C18ACC004305A9 /* SecondViewController.m in Sources */ = {isa = PBXBuildFile; fileRef = D3418D8725C18ACC004305A9 /* SecondViewController.m */; };
		D3418D8B25C18B57004305A9 /* TabBarController.m in Sources */ = {isa = PBXBuildFile; fileRef = D3418D8A25C18B57004305A9 /* TabBarController.m */; };
/* End PBXBuildFile section */

/* Begin PBXFileReference section */
		D3418D6425C18631004305A9 /* Tabbar.app */ = {isa = PBXFileReference; explicitFileType = wrapper.application; includeInIndex = 0; path = Tabbar.app; sourceTree = BUILT_PRODUCTS_DIR; };
		D3418D6725C18631004305A9 /* AppDelegate.h */ = {isa = PBXFileReference; lastKnownFileType = sourcecode.c.h; path = AppDelegate.h; sourceTree = "<group>"; };
		D3418D6825C18631004305A9 /* AppDelegate.m */ = {isa = PBXFileReference; lastKnownFileType = sourcecode.c.objc; path = AppDelegate.m; sourceTree = "<group>"; };
		D3418D6A25C18631004305A9 /* SceneDelegate.h */ = {isa = PBXFileReference; lastKnownFileType = sourcecode.c.h; path = SceneDelegate.h; sourceTree = "<group>"; };
		D3418D6B25C18631004305A9 /* SceneDelegate.m */ = {isa = PBXFileReference; lastKnownFileType = sourcecode.c.objc; path = SceneDelegate.m; sourceTree = "<group>"; };
		D3418D6D25C18631004305A9 /* ViewController.h */ = {isa = PBXFileReference; lastKnownFileType = sourcecode.c.h; path = ViewController.h; sourceTree = "<group>"; };
		D3418D6E25C18631004305A9 /* ViewController.m */ = {isa = PBXFileReference; lastKnownFileType = sourcecode.c.objc; path = ViewController.m; sourceTree = "<group>"; };
		D3418D7425C18631004305A9 /* Tabbar.xcdatamodel */ = {isa = PBXFileReference; lastKnownFileType = wrapper.xcdatamodel; path = Tabbar.xcdatamodel; sourceTree = "<group>"; };
		D3418D7625C18634004305A9 /* Assets.xcassets */ = {isa = PBXFileReference; lastKnownFileType = folder.assetcatalog; path = Assets.xcassets; sourceTree = "<group>"; };
		D3418D7925C18634004305A9 /* Base */ = {isa = PBXFileReference; lastKnownFileType = file.storyboard; name = Base; path = Base.lproj/LaunchScreen.storyboard; sourceTree = "<group>"; };
		D3418D7B25C18634004305A9 /* Info.plist */ = {isa = PBXFileReference; lastKnownFileType = text.plist.xml; path = Info.plist; sourceTree = "<group>"; };
		D3418D7C25C18634004305A9 /* main.m */ = {isa = PBXFileReference; lastKnownFileType = sourcecode.c.objc; path = main.m; sourceTree = "<group>"; };
		D3418D8325C18ABF004305A9 /* FirstViewController.h */ = {isa = PBXFileReference; lastKnownFileType = sourcecode.c.h; path = FirstViewController.h; sourceTree = "<group>"; };
		D3418D8425C18ABF004305A9 /* FirstViewController.m */ = {isa = PBXFileReference; lastKnownFileType = sourcecode.c.objc; path = FirstViewController.m; sourceTree = "<group>"; };
		D3418D8625C18ACC004305A9 /* SecondViewController.h */ = {isa = PBXFileReference; lastKnownFileType = sourcecode.c.h; path = SecondViewController.h; sourceTree = "<group>"; };
		D3418D8725C18ACC004305A9 /* SecondViewController.m */ = {isa = PBXFileReference; lastKnownFileType = sourcecode.c.objc; path = SecondViewController.m; sourceTree = "<group>"; };
		D3418D8925C18B57004305A9 /* TabBarController.h */ = {isa = PBXFileReference; lastKnownFileType = sourcecode.c.h; path = TabBarController.h; sourceTree = "<group>"; };
		D3418D8A25C18B57004305A9 /* TabBarController.m */ = {isa = PBXFileReference; lastKnownFileType = sourcecode.c.objc; path = TabBarController.m; sourceTree = "<group>"; };
/* End PBXFileReference section */

/* Begin PBXFrameworksBuildPhase section */
		D3418D6125C18631004305A9 /* Frameworks */ = {
			isa = PBXFrameworksBuildPhase;
			buildActionMask = 2147483647;
			files = (
			);
			runOnlyForDeploymentPostprocessing = 0;
		};
/* End PBXFrameworksBuildPhase section */

/* Begin PBXGroup section */
		D3418D5B25C18631004305A9 = {
			isa = PBXGroup;
			children = (
				D3418D6625C18631004305A9 /* Tabbar */,
				D3418D6525C18631004305A9 /* Products */,
			);
			sourceTree = "<group>";
		};
		D3418D6525C18631004305A9 /* Products */ = {
			isa = PBXGroup;
			children = (
				D3418D6425C18631004305A9 /* Tabbar.app */,
			);
			name = Products;
			sourceTree = "<group>";
		};
		D3418D6625C18631004305A9 /* Tabbar */ = {
			isa = PBXGroup;
			children = (
				D3418D6725C18631004305A9 /* AppDelegate.h */,
				D3418D6825C18631004305A9 /* AppDelegate.m */,
				D3418D6A25C18631004305A9 /* SceneDelegate.h */,
				D3418D6B25C18631004305A9 /* SceneDelegate.m */,
				D3418D6D25C18631004305A9 /* ViewController.h */,
				D3418D6E25C18631004305A9 /* ViewController.m */,
				D3418D7625C18634004305A9 /* Assets.xcassets */,
				D3418D7825C18634004305A9 /* LaunchScreen.storyboard */,
				D3418D7B25C18634004305A9 /* Info.plist */,
				D3418D7C25C18634004305A9 /* main.m */,
				D3418D7325C18631004305A9 /* Tabbar.xcdatamodeld */,
				D3418D8325C18ABF004305A9 /* FirstViewController.h */,
				D3418D8425C18ABF004305A9 /* FirstViewController.m */,
				D3418D8625C18ACC004305A9 /* SecondViewController.h */,
				D3418D8725C18ACC004305A9 /* SecondViewController.m */,
				D3418D8925C18B57004305A9 /* TabBarController.h */,
				D3418D8A25C18B57004305A9 /* TabBarController.m */,
			);
			path = Tabbar;
			sourceTree = "<group>";
		};
/* End PBXGroup section */

/* Begin PBXNativeTarget section */
		D3418D6325C18631004305A9 /* Tabbar */ = {
			isa = PBXNativeTarget;
			buildConfigurationList = D3418D8025C18634004305A9 /* Build configuration list for PBXNativeTarget "Tabbar" */;
			buildPhases = (
				D3418D6025C18631004305A9 /* Sources */,
				D3418D6125C18631004305A9 /* Frameworks */,
				D3418D6225C18631004305A9 /* Resources */,
			);
			buildRules = (
			);
			dependencies = (
			);
			name = Tabbar;
			productName = Tabbar;
			productReference = D3418D6425C18631004305A9 /* Tabbar.app */;
			productType = "com.apple.product-type.application";
		};
/* End PBXNativeTarget section */

/* Begin PBXProject section */
		D3418D5C25C18631004305A9 /* Project object */ = {
			isa = PBXProject;
			attributes = {
				LastUpgradeCheck = 1140;
				ORGANIZATIONNAME = "Lolita Chernysheva";
				TargetAttributes = {
					D3418D6325C18631004305A9 = {
						CreatedOnToolsVersion = 11.4.1;
					};
				};
			};
			buildConfigurationList = D3418D5F25C18631004305A9 /* Build configuration list for PBXProject "Tabbar" */;
			compatibilityVersion = "Xcode 9.3";
			developmentRegion = en;
			hasScannedForEncodings = 0;
			knownRegions = (
				en,
				Base,
			);
			mainGroup = D3418D5B25C18631004305A9;
			productRefGroup = D3418D6525C18631004305A9 /* Products */;
			projectDirPath = "";
			projectRoot = "";
			targets = (
				D3418D6325C18631004305A9 /* Tabbar */,
			);
		};
/* End PBXProject section */

/* Begin PBXResourcesBuildPhase section */
		D3418D6225C18631004305A9 /* Resources */ = {
			isa = PBXResourcesBuildPhase;
			buildActionMask = 2147483647;
			files = (
				D3418D7A25C18634004305A9 /* LaunchScreen.storyboard in Resources */,
				D3418D7725C18634004305A9 /* Assets.xcassets in Resources */,
			);
			runOnlyForDeploymentPostprocessing = 0;
		};
/* End PBXResourcesBuildPhase section */

/* Begin PBXSourcesBuildPhase section */
		D3418D6025C18631004305A9 /* Sources */ = {
			isa = PBXSourcesBuildPhase;
			buildActionMask = 2147483647;
			files = (
				D3418D7D25C18634004305A9 /* main.m in Sources */,
				D3418D8525C18ABF004305A9 /* FirstViewController.m in Sources */,
				D3418D6F25C18631004305A9 /* ViewController.m in Sources */,
				D3418D8825C18ACC004305A9 /* SecondViewController.m in Sources */,
				D3418D6925C18631004305A9 /* AppDelegate.m in Sources */,
				D3418D8B25C18B57004305A9 /* TabBarController.m in Sources */,
				D3418D6C25C18631004305A9 /* SceneDelegate.m in Sources */,
				D3418D7525C18631004305A9 /* Tabbar.xcdatamodeld in Sources */,
			);
			runOnlyForDeploymentPostprocessing = 0;
		};
/* End PBXSourcesBuildPhase section */

/* Begin PBXVariantGroup section */
		D3418D7825C18634004305A9 /* LaunchScreen.storyboard */ = {
			isa = PBXVariantGroup;
			children = (
				D3418D7925C18634004305A9 /* Base */,
			);
			name = LaunchScreen.storyboard;
			sourceTree = "<group>";
		};
/* End PBXVariantGroup section */

/* Begin XCBuildConfiguration section */
		D3418D7E25C18634004305A9 /* Debug */ = {
			isa = XCBuildConfiguration;
			buildSettings = {
				ALWAYS_SEARCH_USER_PATHS = NO;
				CLANG_ANALYZER_NONNULL = YES;
				CLANG_ANALYZER_NUMBER_OBJECT_CONVERSION = YES_AGGRESSIVE;
				CLANG_CXX_LANGUAGE_STANDARD = "gnu++14";
				CLANG_CXX_LIBRARY = "libc++";
				CLANG_ENABLE_MODULES = YES;
				CLANG_ENABLE_OBJC_ARC = YES;
				CLANG_ENABLE_OBJC_WEAK = YES;
				CLANG_WARN_BLOCK_CAPTURE_AUTORELEASING = YES;
				CLANG_WARN_BOOL_CONVERSION = YES;
				CLANG_WARN_COMMA = YES;
				CLANG_WARN_CONSTANT_CONVERSION = YES;
				CLANG_WARN_DEPRECATED_OBJC_IMPLEMENTATIONS = YES;
				CLANG_WARN_DIRECT_OBJC_ISA_USAGE = YES_ERROR;
				CLANG_WARN_DOCUMENTATION_COMMENTS = YES;
				CLANG_WARN_EMPTY_BODY = YES;
				CLANG_WARN_ENUM_CONVERSION = YES;
				CLANG_WARN_INFINITE_RECURSION = YES;
				CLANG_WARN_INT_CONVERSION = YES;
				CLANG_WARN_NON_LITERAL_NULL_CONVERSION = YES;
				CLANG_WARN_OBJC_IMPLICIT_RETAIN_SELF = YES;
				CLANG_WARN_OBJC_LITERAL_CONVERSION = YES;
				CLANG_WARN_OBJC_ROOT_CLASS = YES_ERROR;
				CLANG_WARN_RANGE_LOOP_ANALYSIS = YES;
				CLANG_WARN_STRICT_PROTOTYPES = YES;
				CLANG_WARN_SUSPICIOUS_MOVE = YES;
				CLANG_WARN_UNGUARDED_AVAILABILITY = YES_AGGRESSIVE;
				CLANG_WARN_UNREACHABLE_CODE = YES;
				CLANG_WARN__DUPLICATE_METHOD_MATCH = YES;
				COPY_PHASE_STRIP = NO;
				DEBUG_INFORMATION_FORMAT = dwarf;
				ENABLE_STRICT_OBJC_MSGSEND = YES;
				ENABLE_TESTABILITY = YES;
				GCC_C_LANGUAGE_STANDARD = gnu11;
				GCC_DYNAMIC_NO_PIC = NO;
				GCC_NO_COMMON_BLOCKS = YES;
				GCC_OPTIMIZATION_LEVEL = 0;
				GCC_PREPROCESSOR_DEFINITIONS = (
					"DEBUG=1",
					"$(inherited)",
				);
				GCC_WARN_64_TO_32_BIT_CONVERSION = YES;
				GCC_WARN_ABOUT_RETURN_TYPE = YES_ERROR;
				GCC_WARN_UNDECLARED_SELECTOR = YES;
				GCC_WARN_UNINITIALIZED_AUTOS = YES_AGGRESSIVE;
				GCC_WARN_UNUSED_FUNCTION = YES;
				GCC_WARN_UNUSED_VARIABLE = YES;
				IPHONEOS_DEPLOYMENT_TARGET = 13.4;
				MTL_ENABLE_DEBUG_INFO = INCLUDE_SOURCE;
				MTL_FAST_MATH = YES;
				ONLY_ACTIVE_ARCH = YES;
				SDKROOT = iphoneos;
			};
			name = Debug;
		};
		D3418D7F25C18634004305A9 /* Release */ = {
			isa = XCBuildConfiguration;
			buildSettings = {
				ALWAYS_SEARCH_USER_PATHS = NO;
				CLANG_ANALYZER_NONNULL = YES;
				CLANG_ANALYZER_NUMBER_OBJECT_CONVERSION = YES_AGGRESSIVE;
				CLANG_CXX_LANGUAGE_STANDARD = "gnu++14";
				CLANG_CXX_LIBRARY = "libc++";
				CLANG_ENABLE_MODULES = YES;
				CLANG_ENABLE_OBJC_ARC = YES;
				CLANG_ENABLE_OBJC_WEAK = YES;
				CLANG_WARN_BLOCK_CAPTURE_AUTORELEASING = YES;
				CLANG_WARN_BOOL_CONVERSION = YES;
				CLANG_WARN_COMMA = YES;
				CLANG_WARN_CONSTANT_CONVERSION = YES;
				CLANG_WARN_DEPRECATED_OBJC_IMPLEMENTATIONS = YES;
				CLANG_WARN_DIRECT_OBJC_ISA_USAGE = YES_ERROR;
				CLANG_WARN_DOCUMENTATION_COMMENTS = YES;
				CLANG_WARN_EMPTY_BODY = YES;
				CLANG_WARN_ENUM_CONVERSION = YES;
				CLANG_WARN_INFINITE_RECURSION = YES;
				CLANG_WARN_INT_CONVERSION = YES;
				CLANG_WARN_NON_LITERAL_NULL_CONVERSION = YES;
				CLANG_WARN_OBJC_IMPLICIT_RETAIN_SELF = YES;
				CLANG_WARN_OBJC_LITERAL_CONVERSION = YES;
				CLANG_WARN_OBJC_ROOT_CLASS = YES_ERROR;
				CLANG_WARN_RANGE_LOOP_ANALYSIS = YES;
				CLANG_WARN_STRICT_PROTOTYPES = YES;
				CLANG_WARN_SUSPICIOUS_MOVE = YES;
				CLANG_WARN_UNGUARDED_AVAILABILITY = YES_AGGRESSIVE;
				CLANG_WARN_UNREACHABLE_CODE = YES;
				CLANG_WARN__DUPLICATE_METHOD_MATCH = YES;
				COPY_PHASE_STRIP = NO;
				DEBUG_INFORMATION_FORMAT = "dwarf-with-dsym";
				ENABLE_NS_ASSERTIONS = NO;
				ENABLE_STRICT_OBJC_MSGSEND = YES;
				GCC_C_LANGUAGE_STANDARD = gnu11;
				GCC_NO_COMMON_BLOCKS = YES;
				GCC_WARN_64_TO_32_BIT_CONVERSION = YES;
				GCC_WARN_ABOUT_RETURN_TYPE = YES_ERROR;
				GCC_WARN_UNDECLARED_SELECTOR = YES;
				GCC_WARN_UNINITIALIZED_AUTOS = YES_AGGRESSIVE;
				GCC_WARN_UNUSED_FUNCTION = YES;
				GCC_WARN_UNUSED_VARIABLE = YES;
				IPHONEOS_DEPLOYMENT_TARGET = 13.4;
				MTL_ENABLE_DEBUG_INFO = NO;
				MTL_FAST_MATH = YES;
				SDKROOT = iphoneos;
				VALIDATE_PRODUCT = YES;
			};
			name = Release;
		};
		D3418D8125C18634004305A9 /* Debug */ = {
			isa = XCBuildConfiguration;
			buildSettings = {
				ASSETCATALOG_COMPILER_APPICON_NAME = AppIcon;
				CODE_SIGN_STYLE = Automatic;
				INFOPLIST_FILE = Tabbar/Info.plist;
				LD_RUNPATH_SEARCH_PATHS = (
					"$(inherited)",
					"@executable_path/Frameworks",
				);
				PRODUCT_BUNDLE_IDENTIFIER = "Lolita-Chernysheva.Tabbar";
				PRODUCT_NAME = "$(TARGET_NAME)";
				TARGETED_DEVICE_FAMILY = "1,2";
			};
			name = Debug;
		};
		D3418D8225C18634004305A9 /* Release */ = {
			isa = XCBuildConfiguration;
			buildSettings = {
				ASSETCATALOG_COMPILER_APPICON_NAME = AppIcon;
				CODE_SIGN_STYLE = Automatic;
				INFOPLIST_FILE = Tabbar/Info.plist;
				LD_RUNPATH_SEARCH_PATHS = (
					"$(inherited)",
					"@executable_path/Frameworks",
				);
				PRODUCT_BUNDLE_IDENTIFIER = "Lolita-Chernysheva.Tabbar";
				PRODUCT_NAME = "$(TARGET_NAME)";
				TARGETED_DEVICE_FAMILY = "1,2";
			};
			name = Release;
		};
/* End XCBuildConfiguration section */

/* Begin XCConfigurationList section */
		D3418D5F25C18631004305A9 /* Build configuration list for PBXProject "Tabbar" */ = {
			isa = XCConfigurationList;
			buildConfigurations = (
				D3418D7E25C18634004305A9 /* Debug */,
				D3418D7F25C18634004305A9 /* Release */,
			);
			defaultConfigurationIsVisible = 0;
			defaultConfigurationName = Release;
		};
		D3418D8025C18634004305A9 /* Build configuration list for PBXNativeTarget "Tabbar" */ = {
			isa = XCConfigurationList;
			buildConfigurations = (
				D3418D8125C18634004305A9 /* Debug */,
				D3418D8225C18634004305A9 /* Release */,
			);
			defaultConfigurationIsVisible = 0;
			defaultConfigurationName = Release;
		};
/* End XCConfigurationList section */

/* Begin XCVersionGroup section */
		D3418D7325C18631004305A9 /* Tabbar.xcdatamodeld */ = {
			isa = XCVersionGroup;
			children = (
				D3418D7425C18631004305A9 /* Tabbar.xcdatamodel */,
			);
			currentVersion = D3418D7425C18631004305A9 /* Tabbar.xcdatamodel */;
			path = Tabbar.xcdatamodeld;
			sourceTree = "<group>";
			versionGroupType = wrapper.xcdatamodel;
		};
/* End XCVersionGroup section */
	};
	rootObject = D3418D5C25C18631004305A9 /* Project object */;
}
