// !$*UTF8*$!
{
	archiveVersion = 1;
	classes = {
	};
	objectVersion = 50;
	objects = {

/* Begin PBXBuildFile section */
		D3131F0225B59BD300B2EB90 /* AppDelegate.m in Sources */ = {isa = PBXBuildFile; fileRef = D3131F0125B59BD300B2EB90 /* AppDelegate.m */; };
		D3131F0525B59BD300B2EB90 /* SceneDelegate.m in Sources */ = {isa = PBXBuildFile; fileRef = D3131F0425B59BD300B2EB90 /* SceneDelegate.m */; };
		D3131F0825B59BD300B2EB90 /* FirstViewController.m in Sources */ = {isa = PBXBuildFile; fileRef = D3131F0725B59BD300B2EB90 /* FirstViewController.m */; };
		D3131F0E25B59BD300B2EB90 /* UINavigationController.xcdatamodeld in Sources */ = {isa = PBXBuildFile; fileRef = D3131F0C25B59BD300B2EB90 /* UINavigationController.xcdatamodeld */; };
		D3131F1025B59BDA00B2EB90 /* Assets.xcassets in Resources */ = {isa = PBXBuildFile; fileRef = D3131F0F25B59BDA00B2EB90 /* Assets.xcassets */; };
		D3131F1325B59BDA00B2EB90 /* LaunchScreen.storyboard in Resources */ = {isa = PBXBuildFile; fileRef = D3131F1125B59BDA00B2EB90 /* LaunchScreen.storyboard */; };
		D3131F1625B59BDA00B2EB90 /* main.m in Sources */ = {isa = PBXBuildFile; fileRef = D3131F1525B59BDA00B2EB90 /* main.m */; };
		D3131F1E25B59F5800B2EB90 /* SecondViewController.m in Sources */ = {isa = PBXBuildFile; fileRef = D3131F1D25B59F5800B2EB90 /* SecondViewController.m */; };
/* End PBXBuildFile section */

/* Begin PBXFileReference section */
		D3131EFD25B59BD300B2EB90 /* UINavigationController.app */ = {isa = PBXFileReference; explicitFileType = wrapper.application; includeInIndex = 0; path = UINavigationController.app; sourceTree = BUILT_PRODUCTS_DIR; };
		D3131F0025B59BD300B2EB90 /* AppDelegate.h */ = {isa = PBXFileReference; lastKnownFileType = sourcecode.c.h; path = AppDelegate.h; sourceTree = "<group>"; };
		D3131F0125B59BD300B2EB90 /* AppDelegate.m */ = {isa = PBXFileReference; lastKnownFileType = sourcecode.c.objc; path = AppDelegate.m; sourceTree = "<group>"; };
		D3131F0325B59BD300B2EB90 /* SceneDelegate.h */ = {isa = PBXFileReference; lastKnownFileType = sourcecode.c.h; path = SceneDelegate.h; sourceTree = "<group>"; };
		D3131F0425B59BD300B2EB90 /* SceneDelegate.m */ = {isa = PBXFileReference; lastKnownFileType = sourcecode.c.objc; path = SceneDelegate.m; sourceTree = "<group>"; };
		D3131F0625B59BD300B2EB90 /* FirstViewController.h */ = {isa = PBXFileReference; lastKnownFileType = sourcecode.c.h; path = FirstViewController.h; sourceTree = "<group>"; };
		D3131F0725B59BD300B2EB90 /* FirstViewController.m */ = {isa = PBXFileReference; lastKnownFileType = sourcecode.c.objc; path = FirstViewController.m; sourceTree = "<group>"; };
		D3131F0D25B59BD300B2EB90 /* UINavigationController.xcdatamodel */ = {isa = PBXFileReference; lastKnownFileType = wrapper.xcdatamodel; path = UINavigationController.xcdatamodel; sourceTree = "<group>"; };
		D3131F0F25B59BDA00B2EB90 /* Assets.xcassets */ = {isa = PBXFileReference; lastKnownFileType = folder.assetcatalog; path = Assets.xcassets; sourceTree = "<group>"; };
		D3131F1225B59BDA00B2EB90 /* Base */ = {isa = PBXFileReference; lastKnownFileType = file.storyboard; name = Base; path = Base.lproj/LaunchScreen.storyboard; sourceTree = "<group>"; };
		D3131F1425B59BDA00B2EB90 /* Info.plist */ = {isa = PBXFileReference; lastKnownFileType = text.plist.xml; path = Info.plist; sourceTree = "<group>"; };
		D3131F1525B59BDA00B2EB90 /* main.m */ = {isa = PBXFileReference; lastKnownFileType = sourcecode.c.objc; path = main.m; sourceTree = "<group>"; };
		D3131F1C25B59F5800B2EB90 /* SecondViewController.h */ = {isa = PBXFileReference; lastKnownFileType = sourcecode.c.h; path = SecondViewController.h; sourceTree = "<group>"; };
		D3131F1D25B59F5800B2EB90 /* SecondViewController.m */ = {isa = PBXFileReference; lastKnownFileType = sourcecode.c.objc; path = SecondViewController.m; sourceTree = "<group>"; };
/* End PBXFileReference section */

/* Begin PBXFrameworksBuildPhase section */
		D3131EFA25B59BD300B2EB90 /* Frameworks */ = {
			isa = PBXFrameworksBuildPhase;
			buildActionMask = 2147483647;
			files = (
			);
			runOnlyForDeploymentPostprocessing = 0;
		};
/* End PBXFrameworksBuildPhase section */

/* Begin PBXGroup section */
		D3131EF425B59BD200B2EB90 = {
			isa = PBXGroup;
			children = (
				D3131EFF25B59BD300B2EB90 /* UINavigationController */,
				D3131EFE25B59BD300B2EB90 /* Products */,
			);
			sourceTree = "<group>";
		};
		D3131EFE25B59BD300B2EB90 /* Products */ = {
			isa = PBXGroup;
			children = (
				D3131EFD25B59BD300B2EB90 /* UINavigationController.app */,
			);
			name = Products;
			sourceTree = "<group>";
		};
		D3131EFF25B59BD300B2EB90 /* UINavigationController */ = {
			isa = PBXGroup;
			children = (
				D3131F0025B59BD300B2EB90 /* AppDelegate.h */,
				D3131F0125B59BD300B2EB90 /* AppDelegate.m */,
				D3131F0325B59BD300B2EB90 /* SceneDelegate.h */,
				D3131F0425B59BD300B2EB90 /* SceneDelegate.m */,
				D3131F0625B59BD300B2EB90 /* FirstViewController.h */,
				D3131F0725B59BD300B2EB90 /* FirstViewController.m */,
				D3131F0F25B59BDA00B2EB90 /* Assets.xcassets */,
				D3131F1125B59BDA00B2EB90 /* LaunchScreen.storyboard */,
				D3131F1425B59BDA00B2EB90 /* Info.plist */,
				D3131F1525B59BDA00B2EB90 /* main.m */,
				D3131F0C25B59BD300B2EB90 /* UINavigationController.xcdatamodeld */,
				D3131F1C25B59F5800B2EB90 /* SecondViewController.h */,
				D3131F1D25B59F5800B2EB90 /* SecondViewController.m */,
			);
			path = UINavigationController;
			sourceTree = "<group>";
		};
/* End PBXGroup section */

/* Begin PBXNativeTarget section */
		D3131EFC25B59BD300B2EB90 /* UINavigationController */ = {
			isa = PBXNativeTarget;
			buildConfigurationList = D3131F1925B59BDA00B2EB90 /* Build configuration list for PBXNativeTarget "UINavigationController" */;
			buildPhases = (
				D3131EF925B59BD300B2EB90 /* Sources */,
				D3131EFA25B59BD300B2EB90 /* Frameworks */,
				D3131EFB25B59BD300B2EB90 /* Resources */,
			);
			buildRules = (
			);
			dependencies = (
			);
			name = UINavigationController;
			productName = UINavigationController;
			productReference = D3131EFD25B59BD300B2EB90 /* UINavigationController.app */;
			productType = "com.apple.product-type.application";
		};
/* End PBXNativeTarget section */

/* Begin PBXProject section */
		D3131EF525B59BD200B2EB90 /* Project object */ = {
			isa = PBXProject;
			attributes = {
				LastUpgradeCheck = 1140;
				ORGANIZATIONNAME = "Lolita Chernysheva";
				TargetAttributes = {
					D3131EFC25B59BD300B2EB90 = {
						CreatedOnToolsVersion = 11.4.1;
					};
				};
			};
			buildConfigurationList = D3131EF825B59BD200B2EB90 /* Build configuration list for PBXProject "UINavigationController" */;
			compatibilityVersion = "Xcode 9.3";
			developmentRegion = en;
			hasScannedForEncodings = 0;
			knownRegions = (
				en,
				Base,
			);
			mainGroup = D3131EF425B59BD200B2EB90;
			productRefGroup = D3131EFE25B59BD300B2EB90 /* Products */;
			projectDirPath = "";
			projectRoot = "";
			targets = (
				D3131EFC25B59BD300B2EB90 /* UINavigationController */,
			);
		};
/* End PBXProject section */

/* Begin PBXResourcesBuildPhase section */
		D3131EFB25B59BD300B2EB90 /* Resources */ = {
			isa = PBXResourcesBuildPhase;
			buildActionMask = 2147483647;
			files = (
				D3131F1325B59BDA00B2EB90 /* LaunchScreen.storyboard in Resources */,
				D3131F1025B59BDA00B2EB90 /* Assets.xcassets in Resources */,
			);
			runOnlyForDeploymentPostprocessing = 0;
		};
/* End PBXResourcesBuildPhase section */

/* Begin PBXSourcesBuildPhase section */
		D3131EF925B59BD300B2EB90 /* Sources */ = {
			isa = PBXSourcesBuildPhase;
			buildActionMask = 2147483647;
			files = (
				D3131F1E25B59F5800B2EB90 /* SecondViewController.m in Sources */,
				D3131F1625B59BDA00B2EB90 /* main.m in Sources */,
				D3131F0825B59BD300B2EB90 /* FirstViewController.m in Sources */,
				D3131F0E25B59BD300B2EB90 /* UINavigationController.xcdatamodeld in Sources */,
				D3131F0225B59BD300B2EB90 /* AppDelegate.m in Sources */,
				D3131F0525B59BD300B2EB90 /* SceneDelegate.m in Sources */,
			);
			runOnlyForDeploymentPostprocessing = 0;
		};
/* End PBXSourcesBuildPhase section */

/* Begin PBXVariantGroup section */
		D3131F1125B59BDA00B2EB90 /* LaunchScreen.storyboard */ = {
			isa = PBXVariantGroup;
			children = (
				D3131F1225B59BDA00B2EB90 /* Base */,
			);
			name = LaunchScreen.storyboard;
			sourceTree = "<group>";
		};
/* End PBXVariantGroup section */

/* Begin XCBuildConfiguration section */
		D3131F1725B59BDA00B2EB90 /* Debug */ = {
			isa = XCBuildConfiguration;
			buildSettings = {
				ALWAYS_SEARCH_USER_PATHS = NO;
				CLANG_ANALYZER_NONNULL = YES;
				CLANG_ANALYZER_NUMBER_OBJECT_CONVERSION = YES_AGGRESSIVE;
				CLANG_CXX_LANGUAGE_STANDARD = "gnu++14";
				CLANG_CXX_LIBRARY = "libc++";
				CLANG_ENABLE_MODULES = YES;
				CLANG_ENABLE_OBJC_ARC = YES;
				CLANG_ENABLE_OBJC_WEAK = YES;
				CLANG_WARN_BLOCK_CAPTURE_AUTORELEASING = YES;
				CLANG_WARN_BOOL_CONVERSION = YES;
				CLANG_WARN_COMMA = YES;
				CLANG_WARN_CONSTANT_CONVERSION = YES;
				CLANG_WARN_DEPRECATED_OBJC_IMPLEMENTATIONS = YES;
				CLANG_WARN_DIRECT_OBJC_ISA_USAGE = YES_ERROR;
				CLANG_WARN_DOCUMENTATION_COMMENTS = YES;
				CLANG_WARN_EMPTY_BODY = YES;
				CLANG_WARN_ENUM_CONVERSION = YES;
				CLANG_WARN_INFINITE_RECURSION = YES;
				CLANG_WARN_INT_CONVERSION = YES;
				CLANG_WARN_NON_LITERAL_NULL_CONVERSION = YES;
				CLANG_WARN_OBJC_IMPLICIT_RETAIN_SELF = YES;
				CLANG_WARN_OBJC_LITERAL_CONVERSION = YES;
				CLANG_WARN_OBJC_ROOT_CLASS = YES_ERROR;
				CLANG_WARN_RANGE_LOOP_ANALYSIS = YES;
				CLANG_WARN_STRICT_PROTOTYPES = YES;
				CLANG_WARN_SUSPICIOUS_MOVE = YES;
				CLANG_WARN_UNGUARDED_AVAILABILITY = YES_AGGRESSIVE;
				CLANG_WARN_UNREACHABLE_CODE = YES;
				CLANG_WARN__DUPLICATE_METHOD_MATCH = YES;
				COPY_PHASE_STRIP = NO;
				DEBUG_INFORMATION_FORMAT = dwarf;
				ENABLE_STRICT_OBJC_MSGSEND = YES;
				ENABLE_TESTABILITY = YES;
				GCC_C_LANGUAGE_STANDARD = gnu11;
				GCC_DYNAMIC_NO_PIC = NO;
				GCC_NO_COMMON_BLOCKS = YES;
				GCC_OPTIMIZATION_LEVEL = 0;
				GCC_PREPROCESSOR_DEFINITIONS = (
					"DEBUG=1",
					"$(inherited)",
				);
				GCC_WARN_64_TO_32_BIT_CONVERSION = YES;
				GCC_WARN_ABOUT_RETURN_TYPE = YES_ERROR;
				GCC_WARN_UNDECLARED_SELECTOR = YES;
				GCC_WARN_UNINITIALIZED_AUTOS = YES_AGGRESSIVE;
				GCC_WARN_UNUSED_FUNCTION = YES;
				GCC_WARN_UNUSED_VARIABLE = YES;
				IPHONEOS_DEPLOYMENT_TARGET = 13.4;
				MTL_ENABLE_DEBUG_INFO = INCLUDE_SOURCE;
				MTL_FAST_MATH = YES;
				ONLY_ACTIVE_ARCH = YES;
				SDKROOT = iphoneos;
			};
			name = Debug;
		};
		D3131F1825B59BDA00B2EB90 /* Release */ = {
			isa = XCBuildConfiguration;
			buildSettings = {
				ALWAYS_SEARCH_USER_PATHS = NO;
				CLANG_ANALYZER_NONNULL = YES;
				CLANG_ANALYZER_NUMBER_OBJECT_CONVERSION = YES_AGGRESSIVE;
				CLANG_CXX_LANGUAGE_STANDARD = "gnu++14";
				CLANG_CXX_LIBRARY = "libc++";
				CLANG_ENABLE_MODULES = YES;
				CLANG_ENABLE_OBJC_ARC = YES;
				CLANG_ENABLE_OBJC_WEAK = YES;
				CLANG_WARN_BLOCK_CAPTURE_AUTORELEASING = YES;
				CLANG_WARN_BOOL_CONVERSION = YES;
				CLANG_WARN_COMMA = YES;
				CLANG_WARN_CONSTANT_CONVERSION = YES;
				CLANG_WARN_DEPRECATED_OBJC_IMPLEMENTATIONS = YES;
				CLANG_WARN_DIRECT_OBJC_ISA_USAGE = YES_ERROR;
				CLANG_WARN_DOCUMENTATION_COMMENTS = YES;
				CLANG_WARN_EMPTY_BODY = YES;
				CLANG_WARN_ENUM_CONVERSION = YES;
				CLANG_WARN_INFINITE_RECURSION = YES;
				CLANG_WARN_INT_CONVERSION = YES;
				CLANG_WARN_NON_LITERAL_NULL_CONVERSION = YES;
				CLANG_WARN_OBJC_IMPLICIT_RETAIN_SELF = YES;
				CLANG_WARN_OBJC_LITERAL_CONVERSION = YES;
				CLANG_WARN_OBJC_ROOT_CLASS = YES_ERROR;
				CLANG_WARN_RANGE_LOOP_ANALYSIS = YES;
				CLANG_WARN_STRICT_PROTOTYPES = YES;
				CLANG_WARN_SUSPICIOUS_MOVE = YES;
				CLANG_WARN_UNGUARDED_AVAILABILITY = YES_AGGRESSIVE;
				CLANG_WARN_UNREACHABLE_CODE = YES;
				CLANG_WARN__DUPLICATE_METHOD_MATCH = YES;
				COPY_PHASE_STRIP = NO;
				DEBUG_INFORMATION_FORMAT = "dwarf-with-dsym";
				ENABLE_NS_ASSERTIONS = NO;
				ENABLE_STRICT_OBJC_MSGSEND = YES;
				GCC_C_LANGUAGE_STANDARD = gnu11;
				GCC_NO_COMMON_BLOCKS = YES;
				GCC_WARN_64_TO_32_BIT_CONVERSION = YES;
				GCC_WARN_ABOUT_RETURN_TYPE = YES_ERROR;
				GCC_WARN_UNDECLARED_SELECTOR = YES;
				GCC_WARN_UNINITIALIZED_AUTOS = YES_AGGRESSIVE;
				GCC_WARN_UNUSED_FUNCTION = YES;
				GCC_WARN_UNUSED_VARIABLE = YES;
				IPHONEOS_DEPLOYMENT_TARGET = 13.4;
				MTL_ENABLE_DEBUG_INFO = NO;
				MTL_FAST_MATH = YES;
				SDKROOT = iphoneos;
				VALIDATE_PRODUCT = YES;
			};
			name = Release;
		};
		D3131F1A25B59BDA00B2EB90 /* Debug */ = {
			isa = XCBuildConfiguration;
			buildSettings = {
				ASSETCATALOG_COMPILER_APPICON_NAME = AppIcon;
				CODE_SIGN_STYLE = Automatic;
				INFOPLIST_FILE = UINavigationController/Info.plist;
				LD_RUNPATH_SEARCH_PATHS = (
					"$(inherited)",
					"@executable_path/Frameworks",
				);
				PRODUCT_BUNDLE_IDENTIFIER = "Lolita-Chernysheva.UINavigationController";
				PRODUCT_NAME = "$(TARGET_NAME)";
				TARGETED_DEVICE_FAMILY = "1,2";
			};
			name = Debug;
		};
		D3131F1B25B59BDA00B2EB90 /* Release */ = {
			isa = XCBuildConfiguration;
			buildSettings = {
				ASSETCATALOG_COMPILER_APPICON_NAME = AppIcon;
				CODE_SIGN_STYLE = Automatic;
				INFOPLIST_FILE = UINavigationController/Info.plist;
				LD_RUNPATH_SEARCH_PATHS = (
					"$(inherited)",
					"@executable_path/Frameworks",
				);
				PRODUCT_BUNDLE_IDENTIFIER = "Lolita-Chernysheva.UINavigationController";
				PRODUCT_NAME = "$(TARGET_NAME)";
				TARGETED_DEVICE_FAMILY = "1,2";
			};
			name = Release;
		};
/* End XCBuildConfiguration section */

/* Begin XCConfigurationList section */
		D3131EF825B59BD200B2EB90 /* Build configuration list for PBXProject "UINavigationController" */ = {
			isa = XCConfigurationList;
			buildConfigurations = (
				D3131F1725B59BDA00B2EB90 /* Debug */,
				D3131F1825B59BDA00B2EB90 /* Release */,
			);
			defaultConfigurationIsVisible = 0;
			defaultConfigurationName = Release;
		};
		D3131F1925B59BDA00B2EB90 /* Build configuration list for PBXNativeTarget "UINavigationController" */ = {
			isa = XCConfigurationList;
			buildConfigurations = (
				D3131F1A25B59BDA00B2EB90 /* Debug */,
				D3131F1B25B59BDA00B2EB90 /* Release */,
			);
			defaultConfigurationIsVisible = 0;
			defaultConfigurationName = Release;
		};
/* End XCConfigurationList section */

/* Begin XCVersionGroup section */
		D3131F0C25B59BD300B2EB90 /* UINavigationController.xcdatamodeld */ = {
			isa = XCVersionGroup;
			children = (
				D3131F0D25B59BD300B2EB90 /* UINavigationController.xcdatamodel */,
			);
			currentVersion = D3131F0D25B59BD300B2EB90 /* UINavigationController.xcdatamodel */;
			path = UINavigationController.xcdatamodeld;
			sourceTree = "<group>";
			versionGroupType = wrapper.xcdatamodel;
		};
/* End XCVersionGroup section */
	};
	rootObject = D3131EF525B59BD200B2EB90 /* Project object */;
}
